// !$*UTF8*$!
{
	archiveVersion = 1;
	classes = {
	};
	objectVersion = 50;
	objects = {

/* Begin PBXBuildFile section */
		1E3E640C27DA617C00BCB164 /* PictureViewerCell.swift in Sources */ = {isa = PBXBuildFile; fileRef = 1E3E640B27DA617C00BCB164 /* PictureViewerCell.swift */; };
		1E3E640E27DA619100BCB164 /* PictureViewerController.swift in Sources */ = {isa = PBXBuildFile; fileRef = 1E3E640D27DA619100BCB164 /* PictureViewerController.swift */; };
		1E3E641027DA61A200BCB164 /* PictureViewerViewModel.swift in Sources */ = {isa = PBXBuildFile; fileRef = 1E3E640F27DA61A200BCB164 /* PictureViewerViewModel.swift */; };
		1E3E641227DA61B400BCB164 /* PictureViewerModel.swift in Sources */ = {isa = PBXBuildFile; fileRef = 1E3E641127DA61B400BCB164 /* PictureViewerModel.swift */; };
		1EA6C4EA27DA61200054B7EE /* ParsingService.swift in Sources */ = {isa = PBXBuildFile; fileRef = 1EA6C4E927DA61200054B7EE /* ParsingService.swift */; };
		1EC9A8AD27E7AE9900D7D3FC /* Debouncer.swift in Sources */ = {isa = PBXBuildFile; fileRef = 1EC9A8AC27E7AE9900D7D3FC /* Debouncer.swift */; };
		1EDCB31C27E64C0000051D62 /* PhotoView.swift in Sources */ = {isa = PBXBuildFile; fileRef = 1EDCB31B27E64C0000051D62 /* PhotoView.swift */; };
		1EF2091727DA608D00FE87FD /* AppDelegate.swift in Sources */ = {isa = PBXBuildFile; fileRef = 1EF2091627DA608D00FE87FD /* AppDelegate.swift */; };
		1EF2091927DA608D00FE87FD /* SceneDelegate.swift in Sources */ = {isa = PBXBuildFile; fileRef = 1EF2091827DA608D00FE87FD /* SceneDelegate.swift */; };
		1EF2092027DA609300FE87FD /* Assets.xcassets in Resources */ = {isa = PBXBuildFile; fileRef = 1EF2091F27DA609300FE87FD /* Assets.xcassets */; };
		1EF2092327DA609300FE87FD /* LaunchScreen.storyboard in Resources */ = {isa = PBXBuildFile; fileRef = 1EF2092127DA609300FE87FD /* LaunchScreen.storyboard */; };
/* End PBXBuildFile section */

/* Begin PBXFileReference section */
		1E3E640B27DA617C00BCB164 /* PictureViewerCell.swift */ = {isa = PBXFileReference; lastKnownFileType = sourcecode.swift; path = PictureViewerCell.swift; sourceTree = "<group>"; };
		1E3E640D27DA619100BCB164 /* PictureViewerController.swift */ = {isa = PBXFileReference; lastKnownFileType = sourcecode.swift; path = PictureViewerController.swift; sourceTree = "<group>"; };
		1E3E640F27DA61A200BCB164 /* PictureViewerViewModel.swift */ = {isa = PBXFileReference; lastKnownFileType = sourcecode.swift; path = PictureViewerViewModel.swift; sourceTree = "<group>"; };
		1E3E641127DA61B400BCB164 /* PictureViewerModel.swift */ = {isa = PBXFileReference; lastKnownFileType = sourcecode.swift; path = PictureViewerModel.swift; sourceTree = "<group>"; };
		1EA6C4E927DA61200054B7EE /* ParsingService.swift */ = {isa = PBXFileReference; lastKnownFileType = sourcecode.swift; path = ParsingService.swift; sourceTree = "<group>"; };
		1EC9A8AC27E7AE9900D7D3FC /* Debouncer.swift */ = {isa = PBXFileReference; lastKnownFileType = sourcecode.swift; path = Debouncer.swift; sourceTree = "<group>"; };
		1EDCB31B27E64C0000051D62 /* PhotoView.swift */ = {isa = PBXFileReference; lastKnownFileType = sourcecode.swift; path = PhotoView.swift; sourceTree = "<group>"; };
		1EF2091327DA608D00FE87FD /* PictureViewer.app */ = {isa = PBXFileReference; explicitFileType = wrapper.application; includeInIndex = 0; path = PictureViewer.app; sourceTree = BUILT_PRODUCTS_DIR; };
		1EF2091627DA608D00FE87FD /* AppDelegate.swift */ = {isa = PBXFileReference; lastKnownFileType = sourcecode.swift; path = AppDelegate.swift; sourceTree = "<group>"; };
		1EF2091827DA608D00FE87FD /* SceneDelegate.swift */ = {isa = PBXFileReference; lastKnownFileType = sourcecode.swift; path = SceneDelegate.swift; sourceTree = "<group>"; };
		1EF2091F27DA609300FE87FD /* Assets.xcassets */ = {isa = PBXFileReference; lastKnownFileType = folder.assetcatalog; path = Assets.xcassets; sourceTree = "<group>"; };
		1EF2092227DA609300FE87FD /* Base */ = {isa = PBXFileReference; lastKnownFileType = file.storyboard; name = Base; path = Base.lproj/LaunchScreen.storyboard; sourceTree = "<group>"; };
		1EF2092427DA609300FE87FD /* Info.plist */ = {isa = PBXFileReference; lastKnownFileType = text.plist.xml; path = Info.plist; sourceTree = "<group>"; };
/* End PBXFileReference section */

/* Begin PBXFrameworksBuildPhase section */
		1EF2091027DA608D00FE87FD /* Frameworks */ = {
			isa = PBXFrameworksBuildPhase;
			buildActionMask = 2147483647;
			files = (
			);
			runOnlyForDeploymentPostprocessing = 0;
		};
/* End PBXFrameworksBuildPhase section */

/* Begin PBXGroup section */
		1E3E640A27DA615900BCB164 /* PictureViewerMVVM */ = {
			isa = PBXGroup;
			children = (
				1E3E640B27DA617C00BCB164 /* PictureViewerCell.swift */,
				1E3E640D27DA619100BCB164 /* PictureViewerController.swift */,
				1E3E640F27DA61A200BCB164 /* PictureViewerViewModel.swift */,
				1E3E641127DA61B400BCB164 /* PictureViewerModel.swift */,
				1EDCB31B27E64C0000051D62 /* PhotoView.swift */,
			);
			path = PictureViewerMVVM;
			sourceTree = "<group>";
		};
		1EF2090A27DA608D00FE87FD = {
			isa = PBXGroup;
			children = (
				1EF2091527DA608D00FE87FD /* PictureViewer */,
				1EF2091427DA608D00FE87FD /* Products */,
			);
			sourceTree = "<group>";
		};
		1EF2091427DA608D00FE87FD /* Products */ = {
			isa = PBXGroup;
			children = (
				1EF2091327DA608D00FE87FD /* PictureViewer.app */,
			);
			name = Products;
			sourceTree = "<group>";
		};
		1EF2091527DA608D00FE87FD /* PictureViewer */ = {
			isa = PBXGroup;
			children = (
				1E3E640A27DA615900BCB164 /* PictureViewerMVVM */,
				1EF2091627DA608D00FE87FD /* AppDelegate.swift */,
				1EF2091827DA608D00FE87FD /* SceneDelegate.swift */,
				1EC9A8AC27E7AE9900D7D3FC /* Debouncer.swift */,
				1EA6C4E927DA61200054B7EE /* ParsingService.swift */,
				1EF2091F27DA609300FE87FD /* Assets.xcassets */,
				1EF2092127DA609300FE87FD /* LaunchScreen.storyboard */,
				1EF2092427DA609300FE87FD /* Info.plist */,
			);
			path = PictureViewer;
			sourceTree = "<group>";
		};
/* End PBXGroup section */

/* Begin PBXNativeTarget section */
		1EF2091227DA608D00FE87FD /* PictureViewer */ = {
			isa = PBXNativeTarget;
			buildConfigurationList = 1EF2092727DA609300FE87FD /* Build configuration list for PBXNativeTarget "PictureViewer" */;
			buildPhases = (
				1EF2090F27DA608D00FE87FD /* Sources */,
				1E6B353527E8F39F0057BE8A /* Run SwifLlint  */,
				1EF2091027DA608D00FE87FD /* Frameworks */,
				1EF2091127DA608D00FE87FD /* Resources */,
			);
			buildRules = (
			);
			dependencies = (
			);
			name = PictureViewer;
			productName = PictureViewer;
			productReference = 1EF2091327DA608D00FE87FD /* PictureViewer.app */;
			productType = "com.apple.product-type.application";
		};
/* End PBXNativeTarget section */

/* Begin PBXProject section */
		1EF2090B27DA608D00FE87FD /* Project object */ = {
			isa = PBXProject;
			attributes = {
				LastSwiftUpdateCheck = 1250;
				LastUpgradeCheck = 1250;
				TargetAttributes = {
					1EF2091227DA608D00FE87FD = {
						CreatedOnToolsVersion = 12.5.1;
					};
				};
			};
			buildConfigurationList = 1EF2090E27DA608D00FE87FD /* Build configuration list for PBXProject "PictureViewer" */;
			compatibilityVersion = "Xcode 9.3";
			developmentRegion = en;
			hasScannedForEncodings = 0;
			knownRegions = (
				en,
				Base,
			);
			mainGroup = 1EF2090A27DA608D00FE87FD;
			productRefGroup = 1EF2091427DA608D00FE87FD /* Products */;
			projectDirPath = "";
			projectRoot = "";
			targets = (
				1EF2091227DA608D00FE87FD /* PictureViewer */,
			);
		};
/* End PBXProject section */

/* Begin PBXResourcesBuildPhase section */
		1EF2091127DA608D00FE87FD /* Resources */ = {
			isa = PBXResourcesBuildPhase;
			buildActionMask = 2147483647;
			files = (
				1EF2092327DA609300FE87FD /* LaunchScreen.storyboard in Resources */,
				1EF2092027DA609300FE87FD /* Assets.xcassets in Resources */,
			);
			runOnlyForDeploymentPostprocessing = 0;
		};
/* End PBXResourcesBuildPhase section */

/* Begin PBXShellScriptBuildPhase section */
		1E6B353527E8F39F0057BE8A /* Run SwifLlint  */ = {
			isa = PBXShellScriptBuildPhase;
			buildActionMask = 2147483647;
			files = (
			);
			inputFileListPaths = (
			);
			inputPaths = (
			);
			name = "Run SwifLlint ";
			outputFileListPaths = (
			);
			outputPaths = (
			);
			runOnlyForDeploymentPostprocessing = 0;
			shellPath = /bin/sh;
			shellScript = "if which swiftlint >/dev/null; then\nswiftlint --config ../.swiftlint.yml\nelse\necho \"warning: SwiftLint not installed, download from https://github.com/realm/SwiftLint\"\nfi\n";
		};
/* End PBXShellScriptBuildPhase section */

/* Begin PBXSourcesBuildPhase section */
		1EF2090F27DA608D00FE87FD /* Sources */ = {
			isa = PBXSourcesBuildPhase;
			buildActionMask = 2147483647;
			files = (
				1E3E640C27DA617C00BCB164 /* PictureViewerCell.swift in Sources */,
				1EDCB31C27E64C0000051D62 /* PhotoView.swift in Sources */,
				1E3E641027DA61A200BCB164 /* PictureViewerViewModel.swift in Sources */,
				1E3E641227DA61B400BCB164 /* PictureViewerModel.swift in Sources */,
				1EA6C4EA27DA61200054B7EE /* ParsingService.swift in Sources */,
				1E3E640E27DA619100BCB164 /* PictureViewerController.swift in Sources */,
				1EF2091727DA608D00FE87FD /* AppDelegate.swift in Sources */,
				1EC9A8AD27E7AE9900D7D3FC /* Debouncer.swift in Sources */,
				1EF2091927DA608D00FE87FD /* SceneDelegate.swift in Sources */,
			);
			runOnlyForDeploymentPostprocessing = 0;
		};
/* End PBXSourcesBuildPhase section */

/* Begin PBXVariantGroup section */
		1EF2092127DA609300FE87FD /* LaunchScreen.storyboard */ = {
			isa = PBXVariantGroup;
			children = (
				1EF2092227DA609300FE87FD /* Base */,
			);
			name = LaunchScreen.storyboard;
			sourceTree = "<group>";
		};
/* End PBXVariantGroup section */

/* Begin XCBuildConfiguration section */
		1EF2092527DA609300FE87FD /* Debug */ = {
			isa = XCBuildConfiguration;
			buildSettings = {
				ALWAYS_SEARCH_USER_PATHS = NO;
				CLANG_ANALYZER_NONNULL = YES;
				CLANG_ANALYZER_NUMBER_OBJECT_CONVERSION = YES_AGGRESSIVE;
				CLANG_CXX_LANGUAGE_STANDARD = "gnu++14";
				CLANG_CXX_LIBRARY = "libc++";
				CLANG_ENABLE_MODULES = YES;
				CLANG_ENABLE_OBJC_ARC = YES;
				CLANG_ENABLE_OBJC_WEAK = YES;
				CLANG_WARN_BLOCK_CAPTURE_AUTORELEASING = YES;
				CLANG_WARN_BOOL_CONVERSION = YES;
				CLANG_WARN_COMMA = YES;
				CLANG_WARN_CONSTANT_CONVERSION = YES;
				CLANG_WARN_DEPRECATED_OBJC_IMPLEMENTATIONS = YES;
				CLANG_WARN_DIRECT_OBJC_ISA_USAGE = YES_ERROR;
				CLANG_WARN_DOCUMENTATION_COMMENTS = YES;
				CLANG_WARN_EMPTY_BODY = YES;
				CLANG_WARN_ENUM_CONVERSION = YES;
				CLANG_WARN_INFINITE_RECURSION = YES;
				CLANG_WARN_INT_CONVERSION = YES;
				CLANG_WARN_NON_LITERAL_NULL_CONVERSION = YES;
				CLANG_WARN_OBJC_IMPLICIT_RETAIN_SELF = YES;
				CLANG_WARN_OBJC_LITERAL_CONVERSION = YES;
				CLANG_WARN_OBJC_ROOT_CLASS = YES_ERROR;
				CLANG_WARN_QUOTED_INCLUDE_IN_FRAMEWORK_HEADER = YES;
				CLANG_WARN_RANGE_LOOP_ANALYSIS = YES;
				CLANG_WARN_STRICT_PROTOTYPES = YES;
				CLANG_WARN_SUSPICIOUS_MOVE = YES;
				CLANG_WARN_UNGUARDED_AVAILABILITY = YES_AGGRESSIVE;
				CLANG_WARN_UNREACHABLE_CODE = YES;
				CLANG_WARN__DUPLICATE_METHOD_MATCH = YES;
				COPY_PHASE_STRIP = NO;
				DEBUG_INFORMATION_FORMAT = dwarf;
				ENABLE_STRICT_OBJC_MSGSEND = YES;
				ENABLE_TESTABILITY = YES;
				GCC_C_LANGUAGE_STANDARD = gnu11;
				GCC_DYNAMIC_NO_PIC = NO;
				GCC_NO_COMMON_BLOCKS = YES;
				GCC_OPTIMIZATION_LEVEL = 0;
				GCC_PREPROCESSOR_DEFINITIONS = (
					"DEBUG=1",
					"$(inherited)",
				);
				GCC_WARN_64_TO_32_BIT_CONVERSION = YES;
				GCC_WARN_ABOUT_RETURN_TYPE = YES_ERROR;
				GCC_WARN_UNDECLARED_SELECTOR = YES;
				GCC_WARN_UNINITIALIZED_AUTOS = YES_AGGRESSIVE;
				GCC_WARN_UNUSED_FUNCTION = YES;
				GCC_WARN_UNUSED_VARIABLE = YES;
				IPHONEOS_DEPLOYMENT_TARGET = 14.5;
				MTL_ENABLE_DEBUG_INFO = INCLUDE_SOURCE;
				MTL_FAST_MATH = YES;
				ONLY_ACTIVE_ARCH = YES;
				SDKROOT = iphoneos;
				SWIFT_ACTIVE_COMPILATION_CONDITIONS = DEBUG;
				SWIFT_OPTIMIZATION_LEVEL = "-Onone";
			};
			name = Debug;
		};
		1EF2092627DA609300FE87FD /* Release */ = {
			isa = XCBuildConfiguration;
			buildSettings = {
				ALWAYS_SEARCH_USER_PATHS = NO;
				CLANG_ANALYZER_NONNULL = YES;
				CLANG_ANALYZER_NUMBER_OBJECT_CONVERSION = YES_AGGRESSIVE;
				CLANG_CXX_LANGUAGE_STANDARD = "gnu++14";
				CLANG_CXX_LIBRARY = "libc++";
				CLANG_ENABLE_MODULES = YES;
				CLANG_ENABLE_OBJC_ARC = YES;
				CLANG_ENABLE_OBJC_WEAK = YES;
				CLANG_WARN_BLOCK_CAPTURE_AUTORELEASING = YES;
				CLANG_WARN_BOOL_CONVERSION = YES;
				CLANG_WARN_COMMA = YES;
				CLANG_WARN_CONSTANT_CONVERSION = YES;
				CLANG_WARN_DEPRECATED_OBJC_IMPLEMENTATIONS = YES;
				CLANG_WARN_DIRECT_OBJC_ISA_USAGE = YES_ERROR;
				CLANG_WARN_DOCUMENTATION_COMMENTS = YES;
				CLANG_WARN_EMPTY_BODY = YES;
				CLANG_WARN_ENUM_CONVERSION = YES;
				CLANG_WARN_INFINITE_RECURSION = YES;
				CLANG_WARN_INT_CONVERSION = YES;
				CLANG_WARN_NON_LITERAL_NULL_CONVERSION = YES;
				CLANG_WARN_OBJC_IMPLICIT_RETAIN_SELF = YES;
				CLANG_WARN_OBJC_LITERAL_CONVERSION = YES;
				CLANG_WARN_OBJC_ROOT_CLASS = YES_ERROR;
				CLANG_WARN_QUOTED_INCLUDE_IN_FRAMEWORK_HEADER = YES;
				CLANG_WARN_RANGE_LOOP_ANALYSIS = YES;
				CLANG_WARN_STRICT_PROTOTYPES = YES;
				CLANG_WARN_SUSPICIOUS_MOVE = YES;
				CLANG_WARN_UNGUARDED_AVAILABILITY = YES_AGGRESSIVE;
				CLANG_WARN_UNREACHABLE_CODE = YES;
				CLANG_WARN__DUPLICATE_METHOD_MATCH = YES;
				COPY_PHASE_STRIP = NO;
				DEBUG_INFORMATION_FORMAT = "dwarf-with-dsym";
				ENABLE_NS_ASSERTIONS = NO;
				ENABLE_STRICT_OBJC_MSGSEND = YES;
				GCC_C_LANGUAGE_STANDARD = gnu11;
				GCC_NO_COMMON_BLOCKS = YES;
				GCC_WARN_64_TO_32_BIT_CONVERSION = YES;
				GCC_WARN_ABOUT_RETURN_TYPE = YES_ERROR;
				GCC_WARN_UNDECLARED_SELECTOR = YES;
				GCC_WARN_UNINITIALIZED_AUTOS = YES_AGGRESSIVE;
				GCC_WARN_UNUSED_FUNCTION = YES;
				GCC_WARN_UNUSED_VARIABLE = YES;
				IPHONEOS_DEPLOYMENT_TARGET = 14.5;
				MTL_ENABLE_DEBUG_INFO = NO;
				MTL_FAST_MATH = YES;
				SDKROOT = iphoneos;
				SWIFT_COMPILATION_MODE = wholemodule;
				SWIFT_OPTIMIZATION_LEVEL = "-O";
				VALIDATE_PRODUCT = YES;
			};
			name = Release;
		};
		1EF2092827DA609300FE87FD /* Debug */ = {
			isa = XCBuildConfiguration;
			buildSettings = {
				ASSETCATALOG_COMPILER_APPICON_NAME = AppIcon;
				ASSETCATALOG_COMPILER_GLOBAL_ACCENT_COLOR_NAME = AccentColor;
				CODE_SIGN_STYLE = Automatic;
				INFOPLIST_FILE = PictureViewer/Info.plist;
				LD_RUNPATH_SEARCH_PATHS = (
					"$(inherited)",
					"@executable_path/Frameworks",
				);
				PRODUCT_BUNDLE_IDENTIFIER = MN.PictureViewer;
				PRODUCT_NAME = "$(TARGET_NAME)";
				SWIFT_VERSION = 5.0;
				TARGETED_DEVICE_FAMILY = "1,2";
			};
			name = Debug;
		};
		1EF2092927DA609300FE87FD /* Release */ = {
			isa = XCBuildConfiguration;
			buildSettings = {
				ASSETCATALOG_COMPILER_APPICON_NAME = AppIcon;
				ASSETCATALOG_COMPILER_GLOBAL_ACCENT_COLOR_NAME = AccentColor;
				CODE_SIGN_STYLE = Automatic;
				INFOPLIST_FILE = PictureViewer/Info.plist;
				LD_RUNPATH_SEARCH_PATHS = (
					"$(inherited)",
					"@executable_path/Frameworks",
				);
				PRODUCT_BUNDLE_IDENTIFIER = MN.PictureViewer;
				PRODUCT_NAME = "$(TARGET_NAME)";
				SWIFT_VERSION = 5.0;
				TARGETED_DEVICE_FAMILY = "1,2";
			};
			name = Release;
		};
/* End XCBuildConfiguration section */

/* Begin XCConfigurationList section */
		1EF2090E27DA608D00FE87FD /* Build configuration list for PBXProject "PictureViewer" */ = {
			isa = XCConfigurationList;
			buildConfigurations = (
				1EF2092527DA609300FE87FD /* Debug */,
				1EF2092627DA609300FE87FD /* Release */,
			);
			defaultConfigurationIsVisible = 0;
			defaultConfigurationName = Release;
		};
		1EF2092727DA609300FE87FD /* Build configuration list for PBXNativeTarget "PictureViewer" */ = {
			isa = XCConfigurationList;
			buildConfigurations = (
				1EF2092827DA609300FE87FD /* Debug */,
				1EF2092927DA609300FE87FD /* Release */,
			);
			defaultConfigurationIsVisible = 0;
			defaultConfigurationName = Release;
		};
/* End XCConfigurationList section */
	};
	rootObject = 1EF2090B27DA608D00FE87FD /* Project object */;
}
