PODS:
  - Realm (10.22.0):
    - Realm/Headers (= 10.22.0)
  - Realm/Headers (10.22.0)
  - RealmSwift (10.22.0):
    - Realm (= 10.22.0)

DEPENDENCIES:
  - RealmSwift

SPEC REPOS:
  trunk:
    - Realm
    - RealmSwift

SPEC CHECKSUMS:
  Realm: d9e4e5877095a6722145811f56fe89a531c9659d
  RealmSwift: e4191b4b957fcfcbed23751ec65eec98f8173ab5

PODFILE CHECKSUM: df125e584e8f36e05970a44c783f0a3c6d3986e1

COCOAPODS: 1.10.0
