// !$*UTF8*$!
{
	archiveVersion = 1;
	classes = {
	};
	objectVersion = 52;
	objects = {

/* Begin PBXBuildFile section */
		1E490E29275686AB00C7D5BF /* AlgoProvider.swift in Sources */ = {isa = PBXBuildFile; fileRef = 1E490E28275686AB00C7D5BF /* AlgoProvider.swift */; };
		1E490E2B2757B2EC00C7D5BF /* ArrayViewController.swift in Sources */ = {isa = PBXBuildFile; fileRef = 1E490E2A2757B2EC00C7D5BF /* ArrayViewController.swift */; };
		1E490E2D2757BB9300C7D5BF /* SetViewController.swift in Sources */ = {isa = PBXBuildFile; fileRef = 1E490E2C2757BB9300C7D5BF /* SetViewController.swift */; };
		1E490E2F2757BBAD00C7D5BF /* DictionaryViewController.swift in Sources */ = {isa = PBXBuildFile; fileRef = 1E490E2E2757BBAD00C7D5BF /* DictionaryViewController.swift */; };
		1E490E312757DCE000C7D5BF /* StringGenerator.swift in Sources */ = {isa = PBXBuildFile; fileRef = 1E490E302757DCE000C7D5BF /* StringGenerator.swift */; };
		1E490E35275E77B700C7D5BF /* ResultViewController.swift in Sources */ = {isa = PBXBuildFile; fileRef = 1E490E34275E77B700C7D5BF /* ResultViewController.swift */; };
		1E490E3727625D9700C7D5BF /* NumberTypeViewController.swift in Sources */ = {isa = PBXBuildFile; fileRef = 1E490E3627625D9700C7D5BF /* NumberTypeViewController.swift */; };
		1E6CD3482746C994009E52B8 /* DiagramCell.swift in Sources */ = {isa = PBXBuildFile; fileRef = 1E6CD3472746C994009E52B8 /* DiagramCell.swift */; };
		1EA70C6827B58BF3003234A0 /* ParsingViewController.swift in Sources */ = {isa = PBXBuildFile; fileRef = 1EA70C6727B58BF3003234A0 /* ParsingViewController.swift */; };
		1EA70C6A27B596A9003234A0 /* ParsingView.swift in Sources */ = {isa = PBXBuildFile; fileRef = 1EA70C6927B596A9003234A0 /* ParsingView.swift */; };
		1EA70C6D27B6EB05003234A0 /* ParsingViewModel.swift in Sources */ = {isa = PBXBuildFile; fileRef = 1EA70C6C27B6EB05003234A0 /* ParsingViewModel.swift */; };
		1EA70C6F27B6EC04003234A0 /* ParsingModel.swift in Sources */ = {isa = PBXBuildFile; fileRef = 1EA70C6E27B6EC04003234A0 /* ParsingModel.swift */; };
		1EA70C7127BD67F2003234A0 /* ParsingService.swift in Sources */ = {isa = PBXBuildFile; fileRef = 1EA70C7027BD67F2003234A0 /* ParsingService.swift */; };
		1EA70C7327BEB3D7003234A0 /* CodableFileStorage.swift in Sources */ = {isa = PBXBuildFile; fileRef = 1EA70C7227BEB3D7003234A0 /* CodableFileStorage.swift */; };
		1EB4B39E276DEC9A00669D11 /* ShareViewController.swift in Sources */ = {isa = PBXBuildFile; fileRef = 1EB4B39D276DEC9A00669D11 /* ShareViewController.swift */; };
		1EB4B3A1276DEC9A00669D11 /* MainInterface.storyboard in Resources */ = {isa = PBXBuildFile; fileRef = 1EB4B39F276DEC9A00669D11 /* MainInterface.storyboard */; };
		1EB4B3A5276DEC9A00669D11 /* ShareExtension.appex in Embed App Extensions */ = {isa = PBXBuildFile; fileRef = 1EB4B39B276DEC9A00669D11 /* ShareExtension.appex */; settings = {ATTRIBUTES = (RemoveHeadersOnCopy, ); }; };
		1EB8A6CA276E28C6007479F7 /* ShareExtensionViewController.swift in Sources */ = {isa = PBXBuildFile; fileRef = 1EB8A6C9276E28C6007479F7 /* ShareExtensionViewController.swift */; };
		1EB9E43C27CCAE1E006231E4 /* Pods_dz.framework in Frameworks */ = {isa = PBXBuildFile; fileRef = 70B876AF6C731985D1686374 /* Pods_dz.framework */; };
		1ECA3669278CA1990095CAD2 /* LoginViewModel.swift in Sources */ = {isa = PBXBuildFile; fileRef = 1ECA3668278CA1990095CAD2 /* LoginViewModel.swift */; };
		1ECA366B278CA1A90095CAD2 /* LoginModel.swift in Sources */ = {isa = PBXBuildFile; fileRef = 1ECA366A278CA1A90095CAD2 /* LoginModel.swift */; };
		1ECA366E278CA3F70095CAD2 /* Dynamic.swift in Sources */ = {isa = PBXBuildFile; fileRef = 1ECA366D278CA3F70095CAD2 /* Dynamic.swift */; };
		1ECA3675278DD4CE0095CAD2 /* PieChartModel.swift in Sources */ = {isa = PBXBuildFile; fileRef = 1ECA3674278DD4CE0095CAD2 /* PieChartModel.swift */; };
		1ECA3677278DD5120095CAD2 /* PieChartViewModel.swift in Sources */ = {isa = PBXBuildFile; fileRef = 1ECA3676278DD5120095CAD2 /* PieChartViewModel.swift */; };
		1ECA3679278DD52F0095CAD2 /* PieChartViewController.swift in Sources */ = {isa = PBXBuildFile; fileRef = 1ECA3678278DD52F0095CAD2 /* PieChartViewController.swift */; };
		1ECA367B278DD7DB0095CAD2 /* PieChartView.swift in Sources */ = {isa = PBXBuildFile; fileRef = 1ECA367A278DD7DB0095CAD2 /* PieChartView.swift */; };
		1ECA367E278F45640095CAD2 /* Extenshions.swift in Sources */ = {isa = PBXBuildFile; fileRef = 1ECA367D278F45640095CAD2 /* Extenshions.swift */; };
		1ECA3680279037A20095CAD2 /* DZUIKit in Frameworks */ = {isa = PBXBuildFile; productRef = 1ECA367F279037A20095CAD2 /* DZUIKit */; };
		1ED1C666279AD99D00F62640 /* ServiceLocator.swift in Sources */ = {isa = PBXBuildFile; fileRef = 1ED1C665279AD99D00F62640 /* ServiceLocator.swift */; };
		1ED1C66A279AE3A100F62640 /* FeedDataProvider.swift in Sources */ = {isa = PBXBuildFile; fileRef = 1ED1C669279AE3A100F62640 /* FeedDataProvider.swift */; };
		1EE3D1E027C6A0450039F61E /* LocalDataBase.xcdatamodeld in Sources */ = {isa = PBXBuildFile; fileRef = 1EE3D1DE27C6A0450039F61E /* LocalDataBase.xcdatamodeld */; };
		1EF54ECC27C7B3BE007A7CF6 /* CoreDataInstruments.swift in Sources */ = {isa = PBXBuildFile; fileRef = 1EF54ECB27C7B3BE007A7CF6 /* CoreDataInstruments.swift */; };
		1EFCD0BD27A056FB0077E794 /* LoginView.swift in Sources */ = {isa = PBXBuildFile; fileRef = 1EFCD0BC27A056FB0077E794 /* LoginView.swift */; };
		1EFCD0BF27A059500077E794 /* RegistrationView.swift in Sources */ = {isa = PBXBuildFile; fileRef = 1EFCD0BE27A059500077E794 /* RegistrationView.swift */; };
		1EFCD0C127A1A7720077E794 /* AccountsListService.swift in Sources */ = {isa = PBXBuildFile; fileRef = 1EFCD0C027A1A7720077E794 /* AccountsListService.swift */; };
		1EFCD0C427A2E17A0077E794 /* RegistrationViewController.swift in Sources */ = {isa = PBXBuildFile; fileRef = 1EFCD0C327A2E17A0077E794 /* RegistrationViewController.swift */; };
		1EFCD0C627A2E6090077E794 /* RegistrationViewModel.swift in Sources */ = {isa = PBXBuildFile; fileRef = 1EFCD0C527A2E6090077E794 /* RegistrationViewModel.swift */; };
		1EFCD0CA27A2F2140077E794 /* RegistrationModel.swift in Sources */ = {isa = PBXBuildFile; fileRef = 1EFCD0C927A2F2140077E794 /* RegistrationModel.swift */; };
		284712F32732A9C10022111F /* SequenceViewController.swift in Sources */ = {isa = PBXBuildFile; fileRef = 284712F22732A9C10022111F /* SequenceViewController.swift */; };
		28A383E8273303B000E17ECA /* TableViewController.swift in Sources */ = {isa = PBXBuildFile; fileRef = 28A383E7273303B000E17ECA /* TableViewController.swift */; };
		28A383EA273515D500E17ECA /* LoginViewController.swift in Sources */ = {isa = PBXBuildFile; fileRef = 28A383E9273515D500E17ECA /* LoginViewController.swift */; };
		28A383EC27352A4F00E17ECA /* CollectionViewController.swift in Sources */ = {isa = PBXBuildFile; fileRef = 28A383EB27352A4F00E17ECA /* CollectionViewController.swift */; };
		28AC5B0627270E9100655980 /* BenchmarkViewController.swift in Sources */ = {isa = PBXBuildFile; fileRef = 28AC5B0527270E9100655980 /* BenchmarkViewController.swift */; };
		28AC5B0E27271DDF00655980 /* ProfileViewController.swift in Sources */ = {isa = PBXBuildFile; fileRef = 28AC5B0D27271DDF00655980 /* ProfileViewController.swift */; };
		28D666162732A37500DAF24F /* ViewControllerLifecycleBehavior.swift in Sources */ = {isa = PBXBuildFile; fileRef = 28D666152732A37400DAF24F /* ViewControllerLifecycleBehavior.swift */; };
		28EE13352721D6DE00136712 /* AppDelegate.swift in Sources */ = {isa = PBXBuildFile; fileRef = 28EE13342721D6DE00136712 /* AppDelegate.swift */; };
		28EE13372721D6DE00136712 /* ViewController.swift in Sources */ = {isa = PBXBuildFile; fileRef = 28EE13362721D6DE00136712 /* ViewController.swift */; };
		28EE133A2721D6DE00136712 /* Main.storyboard in Resources */ = {isa = PBXBuildFile; fileRef = 28EE13382721D6DE00136712 /* Main.storyboard */; };
		28EE133C2721D6E100136712 /* Assets.xcassets in Resources */ = {isa = PBXBuildFile; fileRef = 28EE133B2721D6E100136712 /* Assets.xcassets */; };
		28EE133F2721D6E100136712 /* LaunchScreen.storyboard in Resources */ = {isa = PBXBuildFile; fileRef = 28EE133D2721D6E100136712 /* LaunchScreen.storyboard */; };
		28EE13492721E3B000136712 /* CustomButton.swift in Sources */ = {isa = PBXBuildFile; fileRef = 28EE13482721E3B000136712 /* CustomButton.swift */; };
		28EE134D2721EE3E00136712 /* Zaglushka.xib in Resources */ = {isa = PBXBuildFile; fileRef = 28EE134C2721EE3E00136712 /* Zaglushka.xib */; };
		28EE134F2721EFFA00136712 /* Storyboard2.storyboard in Resources */ = {isa = PBXBuildFile; fileRef = 28EE134E2721EFFA00136712 /* Storyboard2.storyboard */; };
		28EE13512721F15700136712 /* Zaglushka.swift in Sources */ = {isa = PBXBuildFile; fileRef = 28EE13502721F15700136712 /* Zaglushka.swift */; };
/* End PBXBuildFile section */

/* Begin PBXContainerItemProxy section */
		1EB4B3A3276DEC9A00669D11 /* PBXContainerItemProxy */ = {
			isa = PBXContainerItemProxy;
			containerPortal = 28EE13292721D6DD00136712 /* Project object */;
			proxyType = 1;
			remoteGlobalIDString = 1EB4B39A276DEC9A00669D11;
			remoteInfo = ShareExtension;
		};
/* End PBXContainerItemProxy section */

/* Begin PBXCopyFilesBuildPhase section */
		1EB4B3A6276DEC9A00669D11 /* Embed App Extensions */ = {
			isa = PBXCopyFilesBuildPhase;
			buildActionMask = 2147483647;
			dstPath = "";
			dstSubfolderSpec = 13;
			files = (
				1EB4B3A5276DEC9A00669D11 /* ShareExtension.appex in Embed App Extensions */,
			);
			name = "Embed App Extensions";
			runOnlyForDeploymentPostprocessing = 0;
		};
/* End PBXCopyFilesBuildPhase section */

/* Begin PBXFileReference section */
		17FE09BA02E91CE81921120B /* Pods-ShareExtension.debug.xcconfig */ = {isa = PBXFileReference; includeInIndex = 1; lastKnownFileType = text.xcconfig; name = "Pods-ShareExtension.debug.xcconfig"; path = "Target Support Files/Pods-ShareExtension/Pods-ShareExtension.debug.xcconfig"; sourceTree = "<group>"; };
		1E490E28275686AB00C7D5BF /* AlgoProvider.swift */ = {isa = PBXFileReference; lastKnownFileType = sourcecode.swift; path = AlgoProvider.swift; sourceTree = "<group>"; };
		1E490E2A2757B2EC00C7D5BF /* ArrayViewController.swift */ = {isa = PBXFileReference; lastKnownFileType = sourcecode.swift; path = ArrayViewController.swift; sourceTree = "<group>"; };
		1E490E2C2757BB9300C7D5BF /* SetViewController.swift */ = {isa = PBXFileReference; lastKnownFileType = sourcecode.swift; path = SetViewController.swift; sourceTree = "<group>"; };
		1E490E2E2757BBAD00C7D5BF /* DictionaryViewController.swift */ = {isa = PBXFileReference; lastKnownFileType = sourcecode.swift; path = DictionaryViewController.swift; sourceTree = "<group>"; };
		1E490E302757DCE000C7D5BF /* StringGenerator.swift */ = {isa = PBXFileReference; lastKnownFileType = sourcecode.swift; path = StringGenerator.swift; sourceTree = "<group>"; };
		1E490E34275E77B700C7D5BF /* ResultViewController.swift */ = {isa = PBXFileReference; lastKnownFileType = sourcecode.swift; path = ResultViewController.swift; sourceTree = "<group>"; };
		1E490E3627625D9700C7D5BF /* NumberTypeViewController.swift */ = {isa = PBXFileReference; lastKnownFileType = sourcecode.swift; path = NumberTypeViewController.swift; sourceTree = "<group>"; };
		1E6CD3472746C994009E52B8 /* DiagramCell.swift */ = {isa = PBXFileReference; lastKnownFileType = sourcecode.swift; path = DiagramCell.swift; sourceTree = "<group>"; };
		1EA70C6727B58BF3003234A0 /* ParsingViewController.swift */ = {isa = PBXFileReference; lastKnownFileType = sourcecode.swift; path = ParsingViewController.swift; sourceTree = "<group>"; };
		1EA70C6927B596A9003234A0 /* ParsingView.swift */ = {isa = PBXFileReference; lastKnownFileType = sourcecode.swift; path = ParsingView.swift; sourceTree = "<group>"; };
		1EA70C6C27B6EB05003234A0 /* ParsingViewModel.swift */ = {isa = PBXFileReference; lastKnownFileType = sourcecode.swift; path = ParsingViewModel.swift; sourceTree = "<group>"; };
		1EA70C6E27B6EC04003234A0 /* ParsingModel.swift */ = {isa = PBXFileReference; lastKnownFileType = sourcecode.swift; path = ParsingModel.swift; sourceTree = "<group>"; };
		1EA70C7027BD67F2003234A0 /* ParsingService.swift */ = {isa = PBXFileReference; lastKnownFileType = sourcecode.swift; path = ParsingService.swift; sourceTree = "<group>"; };
		1EA70C7227BEB3D7003234A0 /* CodableFileStorage.swift */ = {isa = PBXFileReference; lastKnownFileType = sourcecode.swift; path = CodableFileStorage.swift; sourceTree = "<group>"; };
		1EB4B39B276DEC9A00669D11 /* ShareExtension.appex */ = {isa = PBXFileReference; explicitFileType = "wrapper.app-extension"; includeInIndex = 0; path = ShareExtension.appex; sourceTree = BUILT_PRODUCTS_DIR; };
		1EB4B39D276DEC9A00669D11 /* ShareViewController.swift */ = {isa = PBXFileReference; lastKnownFileType = sourcecode.swift; path = ShareViewController.swift; sourceTree = "<group>"; };
		1EB4B3A0276DEC9A00669D11 /* Base */ = {isa = PBXFileReference; lastKnownFileType = file.storyboard; name = Base; path = Base.lproj/MainInterface.storyboard; sourceTree = "<group>"; };
		1EB4B3A2276DEC9A00669D11 /* Info.plist */ = {isa = PBXFileReference; lastKnownFileType = text.plist.xml; path = Info.plist; sourceTree = "<group>"; };
		1EB4B3AA276DED1500669D11 /* dz.entitlements */ = {isa = PBXFileReference; lastKnownFileType = text.plist.entitlements; path = dz.entitlements; sourceTree = "<group>"; };
		1EB8A6C8276DFE71007479F7 /* ShareExtension.entitlements */ = {isa = PBXFileReference; lastKnownFileType = text.plist.entitlements; path = ShareExtension.entitlements; sourceTree = "<group>"; };
		1EB8A6C9276E28C6007479F7 /* ShareExtensionViewController.swift */ = {isa = PBXFileReference; lastKnownFileType = sourcecode.swift; path = ShareExtensionViewController.swift; sourceTree = "<group>"; };
		1ECA3668278CA1990095CAD2 /* LoginViewModel.swift */ = {isa = PBXFileReference; lastKnownFileType = sourcecode.swift; path = LoginViewModel.swift; sourceTree = "<group>"; };
		1ECA366A278CA1A90095CAD2 /* LoginModel.swift */ = {isa = PBXFileReference; lastKnownFileType = sourcecode.swift; path = LoginModel.swift; sourceTree = "<group>"; };
		1ECA366D278CA3F70095CAD2 /* Dynamic.swift */ = {isa = PBXFileReference; lastKnownFileType = sourcecode.swift; path = Dynamic.swift; sourceTree = "<group>"; };
		1ECA3670278D6DC40095CAD2 /* DZUIKit */ = {isa = PBXFileReference; lastKnownFileType = folder; path = DZUIKit; sourceTree = "<group>"; };
		1ECA3674278DD4CE0095CAD2 /* PieChartModel.swift */ = {isa = PBXFileReference; lastKnownFileType = sourcecode.swift; path = PieChartModel.swift; sourceTree = "<group>"; };
		1ECA3676278DD5120095CAD2 /* PieChartViewModel.swift */ = {isa = PBXFileReference; lastKnownFileType = sourcecode.swift; path = PieChartViewModel.swift; sourceTree = "<group>"; };
		1ECA3678278DD52F0095CAD2 /* PieChartViewController.swift */ = {isa = PBXFileReference; lastKnownFileType = sourcecode.swift; path = PieChartViewController.swift; sourceTree = "<group>"; };
		1ECA367A278DD7DB0095CAD2 /* PieChartView.swift */ = {isa = PBXFileReference; lastKnownFileType = sourcecode.swift; path = PieChartView.swift; sourceTree = "<group>"; };
		1ECA367D278F45640095CAD2 /* Extenshions.swift */ = {isa = PBXFileReference; lastKnownFileType = sourcecode.swift; path = Extenshions.swift; sourceTree = "<group>"; };
		1ED1C665279AD99D00F62640 /* ServiceLocator.swift */ = {isa = PBXFileReference; lastKnownFileType = sourcecode.swift; path = ServiceLocator.swift; sourceTree = "<group>"; };
		1ED1C669279AE3A100F62640 /* FeedDataProvider.swift */ = {isa = PBXFileReference; lastKnownFileType = sourcecode.swift; path = FeedDataProvider.swift; sourceTree = "<group>"; };
		1EE3D1DF27C6A0450039F61E /* LocalDatabase.xcdatamodel */ = {isa = PBXFileReference; lastKnownFileType = wrapper.xcdatamodel; path = LocalDatabase.xcdatamodel; sourceTree = "<group>"; };
		1EF54EC927C6AD6C007A7CF6 /* TestModel+CoreDataClass.swift */ = {isa = PBXFileReference; lastKnownFileType = sourcecode.swift; path = "TestModel+CoreDataClass.swift"; sourceTree = "<group>"; };
		1EF54ECA27C6AD6C007A7CF6 /* TestModel+CoreDataProperties.swift */ = {isa = PBXFileReference; lastKnownFileType = sourcecode.swift; path = "TestModel+CoreDataProperties.swift"; sourceTree = "<group>"; };
		1EF54ECB27C7B3BE007A7CF6 /* CoreDataInstruments.swift */ = {isa = PBXFileReference; lastKnownFileType = sourcecode.swift; path = CoreDataInstruments.swift; sourceTree = "<group>"; };
		1EFCD0BC27A056FB0077E794 /* LoginView.swift */ = {isa = PBXFileReference; lastKnownFileType = sourcecode.swift; path = LoginView.swift; sourceTree = "<group>"; };
		1EFCD0BE27A059500077E794 /* RegistrationView.swift */ = {isa = PBXFileReference; lastKnownFileType = sourcecode.swift; path = RegistrationView.swift; sourceTree = "<group>"; };
		1EFCD0C027A1A7720077E794 /* AccountsListService.swift */ = {isa = PBXFileReference; lastKnownFileType = sourcecode.swift; path = AccountsListService.swift; sourceTree = "<group>"; };
		1EFCD0C327A2E17A0077E794 /* RegistrationViewController.swift */ = {isa = PBXFileReference; lastKnownFileType = sourcecode.swift; path = RegistrationViewController.swift; sourceTree = "<group>"; };
		1EFCD0C527A2E6090077E794 /* RegistrationViewModel.swift */ = {isa = PBXFileReference; lastKnownFileType = sourcecode.swift; path = RegistrationViewModel.swift; sourceTree = "<group>"; };
		1EFCD0C927A2F2140077E794 /* RegistrationModel.swift */ = {isa = PBXFileReference; lastKnownFileType = sourcecode.swift; path = RegistrationModel.swift; sourceTree = "<group>"; };
		284712F22732A9C10022111F /* SequenceViewController.swift */ = {isa = PBXFileReference; lastKnownFileType = sourcecode.swift; path = SequenceViewController.swift; sourceTree = "<group>"; };
		28A383E7273303B000E17ECA /* TableViewController.swift */ = {isa = PBXFileReference; lastKnownFileType = sourcecode.swift; path = TableViewController.swift; sourceTree = "<group>"; };
		28A383E9273515D500E17ECA /* LoginViewController.swift */ = {isa = PBXFileReference; lastKnownFileType = sourcecode.swift; path = LoginViewController.swift; sourceTree = "<group>"; };
		28A383EB27352A4F00E17ECA /* CollectionViewController.swift */ = {isa = PBXFileReference; lastKnownFileType = sourcecode.swift; path = CollectionViewController.swift; sourceTree = "<group>"; };
		28AC5B0527270E9100655980 /* BenchmarkViewController.swift */ = {isa = PBXFileReference; lastKnownFileType = sourcecode.swift; path = BenchmarkViewController.swift; sourceTree = "<group>"; };
		28AC5B0D27271DDF00655980 /* ProfileViewController.swift */ = {isa = PBXFileReference; lastKnownFileType = sourcecode.swift; path = ProfileViewController.swift; sourceTree = "<group>"; };
		28D666152732A37400DAF24F /* ViewControllerLifecycleBehavior.swift */ = {isa = PBXFileReference; fileEncoding = 4; lastKnownFileType = sourcecode.swift; path = ViewControllerLifecycleBehavior.swift; sourceTree = "<group>"; };
		28EE13312721D6DD00136712 /* dz.app */ = {isa = PBXFileReference; explicitFileType = wrapper.application; includeInIndex = 0; path = dz.app; sourceTree = BUILT_PRODUCTS_DIR; };
		28EE13342721D6DE00136712 /* AppDelegate.swift */ = {isa = PBXFileReference; lastKnownFileType = sourcecode.swift; path = AppDelegate.swift; sourceTree = "<group>"; };
		28EE13362721D6DE00136712 /* ViewController.swift */ = {isa = PBXFileReference; lastKnownFileType = sourcecode.swift; path = ViewController.swift; sourceTree = "<group>"; };
		28EE13392721D6DE00136712 /* Base */ = {isa = PBXFileReference; lastKnownFileType = file.storyboard; name = Base; path = Base.lproj/Main.storyboard; sourceTree = "<group>"; };
		28EE133B2721D6E100136712 /* Assets.xcassets */ = {isa = PBXFileReference; lastKnownFileType = folder.assetcatalog; path = Assets.xcassets; sourceTree = "<group>"; };
		28EE133E2721D6E100136712 /* Base */ = {isa = PBXFileReference; lastKnownFileType = file.storyboard; name = Base; path = Base.lproj/LaunchScreen.storyboard; sourceTree = "<group>"; };
		28EE13402721D6E100136712 /* Info.plist */ = {isa = PBXFileReference; lastKnownFileType = text.plist.xml; path = Info.plist; sourceTree = "<group>"; };
		28EE13482721E3B000136712 /* CustomButton.swift */ = {isa = PBXFileReference; lastKnownFileType = sourcecode.swift; path = CustomButton.swift; sourceTree = "<group>"; };
		28EE134C2721EE3E00136712 /* Zaglushka.xib */ = {isa = PBXFileReference; lastKnownFileType = file.xib; path = Zaglushka.xib; sourceTree = "<group>"; };
		28EE134E2721EFFA00136712 /* Storyboard2.storyboard */ = {isa = PBXFileReference; lastKnownFileType = file.storyboard; name = Storyboard2.storyboard; path = ../Storyboard2.storyboard; sourceTree = "<group>"; };
		28EE13502721F15700136712 /* Zaglushka.swift */ = {isa = PBXFileReference; lastKnownFileType = sourcecode.swift; path = Zaglushka.swift; sourceTree = "<group>"; };
		45F5DC42A9F9512F1A1F5154 /* Pods-dz.debug.xcconfig */ = {isa = PBXFileReference; includeInIndex = 1; lastKnownFileType = text.xcconfig; name = "Pods-dz.debug.xcconfig"; path = "Target Support Files/Pods-dz/Pods-dz.debug.xcconfig"; sourceTree = "<group>"; };
		4DC9912F455FADB4FA62576B /* Pods_ShareExtension.framework */ = {isa = PBXFileReference; explicitFileType = wrapper.framework; includeInIndex = 0; path = Pods_ShareExtension.framework; sourceTree = BUILT_PRODUCTS_DIR; };
		5CA482FF338F3DD5A357EA3F /* Pods-ShareExtension.release.xcconfig */ = {isa = PBXFileReference; includeInIndex = 1; lastKnownFileType = text.xcconfig; name = "Pods-ShareExtension.release.xcconfig"; path = "Target Support Files/Pods-ShareExtension/Pods-ShareExtension.release.xcconfig"; sourceTree = "<group>"; };
		70B876AF6C731985D1686374 /* Pods_dz.framework */ = {isa = PBXFileReference; explicitFileType = wrapper.framework; includeInIndex = 0; path = Pods_dz.framework; sourceTree = BUILT_PRODUCTS_DIR; };
		72E18D7C7348365BC4B452A5 /* Pods-dz.release.xcconfig */ = {isa = PBXFileReference; includeInIndex = 1; lastKnownFileType = text.xcconfig; name = "Pods-dz.release.xcconfig"; path = "Target Support Files/Pods-dz/Pods-dz.release.xcconfig"; sourceTree = "<group>"; };
/* End PBXFileReference section */

/* Begin PBXFrameworksBuildPhase section */
		1EB4B398276DEC9A00669D11 /* Frameworks */ = {
			isa = PBXFrameworksBuildPhase;
			buildActionMask = 2147483647;
			files = (
			);
			runOnlyForDeploymentPostprocessing = 0;
		};
		28EE132E2721D6DD00136712 /* Frameworks */ = {
			isa = PBXFrameworksBuildPhase;
			buildActionMask = 2147483647;
			files = (
				1EB9E43C27CCAE1E006231E4 /* Pods_dz.framework in Frameworks */,
				1ECA3680279037A20095CAD2 /* DZUIKit in Frameworks */,
			);
			runOnlyForDeploymentPostprocessing = 0;
		};
/* End PBXFrameworksBuildPhase section */

/* Begin PBXGroup section */
		0263EFE77FB57A8F91A257E5 /* Pods */ = {
			isa = PBXGroup;
			children = (
				17FE09BA02E91CE81921120B /* Pods-ShareExtension.debug.xcconfig */,
				5CA482FF338F3DD5A357EA3F /* Pods-ShareExtension.release.xcconfig */,
				45F5DC42A9F9512F1A1F5154 /* Pods-dz.debug.xcconfig */,
				72E18D7C7348365BC4B452A5 /* Pods-dz.release.xcconfig */,
			);
			path = Pods;
			sourceTree = "<group>";
		};
		1E32CC5127875CC7000136B3 /* Frameworks */ = {
			isa = PBXGroup;
			children = (
				4DC9912F455FADB4FA62576B /* Pods_ShareExtension.framework */,
				70B876AF6C731985D1686374 /* Pods_dz.framework */,
			);
			name = Frameworks;
			sourceTree = "<group>";
		};
		1E490E2527551C1100C7D5BF /* Feed */ = {
			isa = PBXGroup;
			children = (
				1ECA3673278DD4360095CAD2 /* PieChartMVVM */,
				1E490E34275E77B700C7D5BF /* ResultViewController.swift */,
				28A383E7273303B000E17ECA /* TableViewController.swift */,
			);
			path = Feed;
			sourceTree = "<group>";
		};
		1E490E2627551C3600C7D5BF /* Benchmark */ = {
			isa = PBXGroup;
			children = (
				1EFCD0CB27A301D00077E794 /* LoginRegistrationProject MVVM */,
				1E6CD3472746C994009E52B8 /* DiagramCell.swift */,
				28A383EB27352A4F00E17ECA /* CollectionViewController.swift */,
			);
			path = Benchmark;
			sourceTree = "<group>";
		};
		1E490E2727551C4900C7D5BF /* Profile */ = {
			isa = PBXGroup;
			children = (
				284712F22732A9C10022111F /* SequenceViewController.swift */,
				1E490E2A2757B2EC00C7D5BF /* ArrayViewController.swift */,
				1E490E2C2757BB9300C7D5BF /* SetViewController.swift */,
				1E490E2E2757BBAD00C7D5BF /* DictionaryViewController.swift */,
				28EE13482721E3B000136712 /* CustomButton.swift */,
				28AC5B0D27271DDF00655980 /* ProfileViewController.swift */,
				1E490E3627625D9700C7D5BF /* NumberTypeViewController.swift */,
			);
			path = Profile;
			sourceTree = "<group>";
		};
		1EA70C6627B58B44003234A0 /* ParsingController */ = {
			isa = PBXGroup;
			children = (
				1EA70C6927B596A9003234A0 /* ParsingView.swift */,
				1EA70C6727B58BF3003234A0 /* ParsingViewController.swift */,
				1EA70C6C27B6EB05003234A0 /* ParsingViewModel.swift */,
				1EA70C6E27B6EC04003234A0 /* ParsingModel.swift */,
				1EE3D1DE27C6A0450039F61E /* LocalDataBase.xcdatamodeld */,
			);
			path = ParsingController;
			sourceTree = "<group>";
		};
		1EB4B39C276DEC9A00669D11 /* ShareExtension */ = {
			isa = PBXGroup;
			children = (
				1EB8A6C8276DFE71007479F7 /* ShareExtension.entitlements */,
				1EB4B39D276DEC9A00669D11 /* ShareViewController.swift */,
				1EB4B39F276DEC9A00669D11 /* MainInterface.storyboard */,
				1EB4B3A2276DEC9A00669D11 /* Info.plist */,
			);
			path = ShareExtension;
			sourceTree = "<group>";
		};
		1EB9E43B27CCAD24006231E4 /* ParsingViewControllerRealm */ = {
			isa = PBXGroup;
			children = (
			);
			path = ParsingViewControllerRealm;
			sourceTree = "<group>";
		};
		1ECA3667278B5A6C0095CAD2 /* LogIn MVVM */ = {
			isa = PBXGroup;
			children = (
				1EFCD0BC27A056FB0077E794 /* LoginView.swift */,
				28A383E9273515D500E17ECA /* LoginViewController.swift */,
				1ECA3668278CA1990095CAD2 /* LoginViewModel.swift */,
				1ECA366A278CA1A90095CAD2 /* LoginModel.swift */,
			);
			path = "LogIn MVVM";
			sourceTree = "<group>";
		};
		1ECA366C278CA3CA0095CAD2 /* Bindings */ = {
			isa = PBXGroup;
			children = (
				1ECA366D278CA3F70095CAD2 /* Dynamic.swift */,
			);
			path = Bindings;
			sourceTree = "<group>";
		};
		1ECA3673278DD4360095CAD2 /* PieChartMVVM */ = {
			isa = PBXGroup;
			children = (
				1ECA367A278DD7DB0095CAD2 /* PieChartView.swift */,
				1ECA3678278DD52F0095CAD2 /* PieChartViewController.swift */,
				1ECA3676278DD5120095CAD2 /* PieChartViewModel.swift */,
				1ECA3674278DD4CE0095CAD2 /* PieChartModel.swift */,
			);
			path = PieChartMVVM;
			sourceTree = "<group>";
		};
		1ECA367C278F45380095CAD2 /* Extensions */ = {
			isa = PBXGroup;
			children = (
				1ECA367D278F45640095CAD2 /* Extenshions.swift */,
			);
			path = Extensions;
			sourceTree = "<group>";
		};
		1ED1C664279AD97100F62640 /* Services */ = {
			isa = PBXGroup;
			children = (
				1ED1C665279AD99D00F62640 /* ServiceLocator.swift */,
				1E490E28275686AB00C7D5BF /* AlgoProvider.swift */,
				1E490E302757DCE000C7D5BF /* StringGenerator.swift */,
				1ED1C669279AE3A100F62640 /* FeedDataProvider.swift */,
				1EFCD0C027A1A7720077E794 /* AccountsListService.swift */,
				1EA70C7027BD67F2003234A0 /* ParsingService.swift */,
				1EA70C7227BEB3D7003234A0 /* CodableFileStorage.swift */,
				1EF54ECB27C7B3BE007A7CF6 /* CoreDataInstruments.swift */,
			);
			path = Services;
			sourceTree = "<group>";
		};
		1EFCD0C227A2E1300077E794 /* Registration MVVM */ = {
			isa = PBXGroup;
			children = (
				1EFCD0BE27A059500077E794 /* RegistrationView.swift */,
				1EFCD0C327A2E17A0077E794 /* RegistrationViewController.swift */,
				1EFCD0C527A2E6090077E794 /* RegistrationViewModel.swift */,
				1EFCD0C927A2F2140077E794 /* RegistrationModel.swift */,
			);
			path = "Registration MVVM";
			sourceTree = "<group>";
		};
		1EFCD0CB27A301D00077E794 /* LoginRegistrationProject MVVM */ = {
			isa = PBXGroup;
			children = (
				1ECA3667278B5A6C0095CAD2 /* LogIn MVVM */,
				1EFCD0C227A2E1300077E794 /* Registration MVVM */,
			);
			path = "LoginRegistrationProject MVVM";
			sourceTree = "<group>";
		};
		28EE13282721D6DD00136712 = {
			isa = PBXGroup;
			children = (
				1EF54EC927C6AD6C007A7CF6 /* TestModel+CoreDataClass.swift */,
				1EF54ECA27C6AD6C007A7CF6 /* TestModel+CoreDataProperties.swift */,
				1ECA3670278D6DC40095CAD2 /* DZUIKit */,
				28EE13332721D6DD00136712 /* dz */,
				1EB4B39C276DEC9A00669D11 /* ShareExtension */,
				28EE13322721D6DD00136712 /* Products */,
				1E32CC5127875CC7000136B3 /* Frameworks */,
				0263EFE77FB57A8F91A257E5 /* Pods */,
			);
			sourceTree = "<group>";
		};
		28EE13322721D6DD00136712 /* Products */ = {
			isa = PBXGroup;
			children = (
				28EE13312721D6DD00136712 /* dz.app */,
				1EB4B39B276DEC9A00669D11 /* ShareExtension.appex */,
			);
			name = Products;
			sourceTree = "<group>";
		};
		28EE13332721D6DD00136712 /* dz */ = {
			isa = PBXGroup;
			children = (
				1ECA367C278F45380095CAD2 /* Extensions */,
				1ECA366C278CA3CA0095CAD2 /* Bindings */,
				1EB4B3AA276DED1500669D11 /* dz.entitlements */,
				1EB8A6C9276E28C6007479F7 /* ShareExtensionViewController.swift */,
				28EE13342721D6DE00136712 /* AppDelegate.swift */,
				28D666152732A37400DAF24F /* ViewControllerLifecycleBehavior.swift */,
				28AC5B0527270E9100655980 /* BenchmarkViewController.swift */,
				28EE13362721D6DE00136712 /* ViewController.swift */,
				28EE134E2721EFFA00136712 /* Storyboard2.storyboard */,
				28EE13382721D6DE00136712 /* Main.storyboard */,
				1ED1C664279AD97100F62640 /* Services */,
				28EE13502721F15700136712 /* Zaglushka.swift */,
				28EE134C2721EE3E00136712 /* Zaglushka.xib */,
				1EB9E43B27CCAD24006231E4 /* ParsingViewControllerRealm */,
				1EA70C6627B58B44003234A0 /* ParsingController */,
				1E490E2527551C1100C7D5BF /* Feed */,
				1E490E2727551C4900C7D5BF /* Profile */,
				1E490E2627551C3600C7D5BF /* Benchmark */,
				28EE133B2721D6E100136712 /* Assets.xcassets */,
				28EE133D2721D6E100136712 /* LaunchScreen.storyboard */,
				28EE13402721D6E100136712 /* Info.plist */,
			);
			path = dz;
			sourceTree = "<group>";
		};
/* End PBXGroup section */

/* Begin PBXNativeTarget section */
		1EB4B39A276DEC9A00669D11 /* ShareExtension */ = {
			isa = PBXNativeTarget;
			buildConfigurationList = 1EB4B3A9276DEC9A00669D11 /* Build configuration list for PBXNativeTarget "ShareExtension" */;
			buildPhases = (
				3938010CB9663623DEA2F2F0 /* [CP] Check Pods Manifest.lock */,
				1EB4B397276DEC9A00669D11 /* Sources */,
				1EB4B398276DEC9A00669D11 /* Frameworks */,
				1EB4B399276DEC9A00669D11 /* Resources */,
			);
			buildRules = (
			);
			dependencies = (
			);
			name = ShareExtension;
			productName = ShareExtension;
			productReference = 1EB4B39B276DEC9A00669D11 /* ShareExtension.appex */;
			productType = "com.apple.product-type.app-extension";
		};
		28EE13302721D6DD00136712 /* dz */ = {
			isa = PBXNativeTarget;
			buildConfigurationList = 28EE13432721D6E100136712 /* Build configuration list for PBXNativeTarget "dz" */;
			buildPhases = (
				060BB74BD97E079B9B1B3E03 /* [CP] Check Pods Manifest.lock */,
				28EE132D2721D6DD00136712 /* Sources */,
				28AC5B0427270B7B00655980 /* Run SwiftLint */,
				28EE132E2721D6DD00136712 /* Frameworks */,
				28EE132F2721D6DD00136712 /* Resources */,
				1EB4B3A6276DEC9A00669D11 /* Embed App Extensions */,
				310F640D5DAA840F0CB83D95 /* [CP] Embed Pods Frameworks */,
			);
			buildRules = (
			);
			dependencies = (
				1EB4B3A4276DEC9A00669D11 /* PBXTargetDependency */,
			);
			name = dz;
			packageProductDependencies = (
				1ECA367F279037A20095CAD2 /* DZUIKit */,
			);
			productName = dz;
			productReference = 28EE13312721D6DD00136712 /* dz.app */;
			productType = "com.apple.product-type.application";
		};
/* End PBXNativeTarget section */

/* Begin PBXProject section */
		28EE13292721D6DD00136712 /* Project object */ = {
			isa = PBXProject;
			attributes = {
				LastSwiftUpdateCheck = 1250;
				LastUpgradeCheck = 1310;
				ORGANIZATIONNAME = "Mark Nekrashevich";
				TargetAttributes = {
					1EB4B39A276DEC9A00669D11 = {
						CreatedOnToolsVersion = 12.5.1;
					};
					28EE13302721D6DD00136712 = {
						CreatedOnToolsVersion = 10.3;
					};
				};
			};
			buildConfigurationList = 28EE132C2721D6DD00136712 /* Build configuration list for PBXProject "dz" */;
			compatibilityVersion = "Xcode 9.3";
			developmentRegion = en;
			hasScannedForEncodings = 0;
			knownRegions = (
				en,
				Base,
			);
			mainGroup = 28EE13282721D6DD00136712;
			productRefGroup = 28EE13322721D6DD00136712 /* Products */;
			projectDirPath = "";
			projectRoot = "";
			targets = (
				28EE13302721D6DD00136712 /* dz */,
				1EB4B39A276DEC9A00669D11 /* ShareExtension */,
			);
		};
/* End PBXProject section */

/* Begin PBXResourcesBuildPhase section */
		1EB4B399276DEC9A00669D11 /* Resources */ = {
			isa = PBXResourcesBuildPhase;
			buildActionMask = 2147483647;
			files = (
				1EB4B3A1276DEC9A00669D11 /* MainInterface.storyboard in Resources */,
			);
			runOnlyForDeploymentPostprocessing = 0;
		};
		28EE132F2721D6DD00136712 /* Resources */ = {
			isa = PBXResourcesBuildPhase;
			buildActionMask = 2147483647;
			files = (
				28EE133F2721D6E100136712 /* LaunchScreen.storyboard in Resources */,
				28EE133C2721D6E100136712 /* Assets.xcassets in Resources */,
				28EE134D2721EE3E00136712 /* Zaglushka.xib in Resources */,
				28EE133A2721D6DE00136712 /* Main.storyboard in Resources */,
				28EE134F2721EFFA00136712 /* Storyboard2.storyboard in Resources */,
			);
			runOnlyForDeploymentPostprocessing = 0;
		};
/* End PBXResourcesBuildPhase section */

/* Begin PBXShellScriptBuildPhase section */
		060BB74BD97E079B9B1B3E03 /* [CP] Check Pods Manifest.lock */ = {
			isa = PBXShellScriptBuildPhase;
			buildActionMask = 2147483647;
			files = (
			);
			inputFileListPaths = (
			);
			inputPaths = (
				"${PODS_PODFILE_DIR_PATH}/Podfile.lock",
				"${PODS_ROOT}/Manifest.lock",
			);
			name = "[CP] Check Pods Manifest.lock";
			outputFileListPaths = (
			);
			outputPaths = (
				"$(DERIVED_FILE_DIR)/Pods-dz-checkManifestLockResult.txt",
			);
			runOnlyForDeploymentPostprocessing = 0;
			shellPath = /bin/sh;
			shellScript = "diff \"${PODS_PODFILE_DIR_PATH}/Podfile.lock\" \"${PODS_ROOT}/Manifest.lock\" > /dev/null\nif [ $? != 0 ] ; then\n    # print error to STDERR\n    echo \"error: The sandbox is not in sync with the Podfile.lock. Run 'pod install' or update your CocoaPods installation.\" >&2\n    exit 1\nfi\n# This output is used by Xcode 'outputs' to avoid re-running this script phase.\necho \"SUCCESS\" > \"${SCRIPT_OUTPUT_FILE_0}\"\n";
			showEnvVarsInLog = 0;
		};
		28AC5B0427270B7B00655980 /* Run SwiftLint */ = {
			isa = PBXShellScriptBuildPhase;
			buildActionMask = 2147483647;
			files = (
			);
			inputFileListPaths = (
			);
			inputPaths = (
			);
			name = "Run SwiftLint";
			outputFileListPaths = (
			);
			outputPaths = (
			);
			runOnlyForDeploymentPostprocessing = 0;
			shellPath = /bin/zsh;
			shellScript = "if which swiftlint >/dev/null; then\nswiftlint --config ../.swiftlint.yml\nelse\necho \"warning: SwiftLint not installed, download from https://github.com/realm/SwiftLint\"\nfi\n";
		};
		310F640D5DAA840F0CB83D95 /* [CP] Embed Pods Frameworks */ = {
			isa = PBXShellScriptBuildPhase;
			buildActionMask = 2147483647;
			files = (
			);
			inputFileListPaths = (
				"${PODS_ROOT}/Target Support Files/Pods-dz/Pods-dz-frameworks-${CONFIGURATION}-input-files.xcfilelist",
			);
			name = "[CP] Embed Pods Frameworks";
			outputFileListPaths = (
				"${PODS_ROOT}/Target Support Files/Pods-dz/Pods-dz-frameworks-${CONFIGURATION}-output-files.xcfilelist",
			);
			runOnlyForDeploymentPostprocessing = 0;
			shellPath = /bin/sh;
			shellScript = "\"${PODS_ROOT}/Target Support Files/Pods-dz/Pods-dz-frameworks.sh\"\n";
			showEnvVarsInLog = 0;
		};
		3938010CB9663623DEA2F2F0 /* [CP] Check Pods Manifest.lock */ = {
			isa = PBXShellScriptBuildPhase;
			buildActionMask = 2147483647;
			files = (
			);
			inputFileListPaths = (
			);
			inputPaths = (
				"${PODS_PODFILE_DIR_PATH}/Podfile.lock",
				"${PODS_ROOT}/Manifest.lock",
			);
			name = "[CP] Check Pods Manifest.lock";
			outputFileListPaths = (
			);
			outputPaths = (
				"$(DERIVED_FILE_DIR)/Pods-ShareExtension-checkManifestLockResult.txt",
			);
			runOnlyForDeploymentPostprocessing = 0;
			shellPath = /bin/sh;
			shellScript = "diff \"${PODS_PODFILE_DIR_PATH}/Podfile.lock\" \"${PODS_ROOT}/Manifest.lock\" > /dev/null\nif [ $? != 0 ] ; then\n    # print error to STDERR\n    echo \"error: The sandbox is not in sync with the Podfile.lock. Run 'pod install' or update your CocoaPods installation.\" >&2\n    exit 1\nfi\n# This output is used by Xcode 'outputs' to avoid re-running this script phase.\necho \"SUCCESS\" > \"${SCRIPT_OUTPUT_FILE_0}\"\n";
			showEnvVarsInLog = 0;
		};
/* End PBXShellScriptBuildPhase section */

/* Begin PBXSourcesBuildPhase section */
		1EB4B397276DEC9A00669D11 /* Sources */ = {
			isa = PBXSourcesBuildPhase;
			buildActionMask = 2147483647;
			files = (
				1EB4B39E276DEC9A00669D11 /* ShareViewController.swift in Sources */,
			);
			runOnlyForDeploymentPostprocessing = 0;
		};
		28EE132D2721D6DD00136712 /* Sources */ = {
			isa = PBXSourcesBuildPhase;
			buildActionMask = 2147483647;
			files = (
				28EE13352721D6DE00136712 /* AppDelegate.swift in Sources */,
				1ECA3675278DD4CE0095CAD2 /* PieChartModel.swift in Sources */,
				1EFCD0BD27A056FB0077E794 /* LoginView.swift in Sources */,
				1EE3D1E027C6A0450039F61E /* LocalDataBase.xcdatamodeld in Sources */,
				28EE13372721D6DE00136712 /* ViewController.swift in Sources */,
				284712F32732A9C10022111F /* SequenceViewController.swift in Sources */,
				1E490E2D2757BB9300C7D5BF /* SetViewController.swift in Sources */,
				1EA70C6D27B6EB05003234A0 /* ParsingViewModel.swift in Sources */,
				1ED1C66A279AE3A100F62640 /* FeedDataProvider.swift in Sources */,
				28A383EA273515D500E17ECA /* LoginViewController.swift in Sources */,
				1EFCD0C427A2E17A0077E794 /* RegistrationViewController.swift in Sources */,
				1EA70C7327BEB3D7003234A0 /* CodableFileStorage.swift in Sources */,
				1ED1C666279AD99D00F62640 /* ServiceLocator.swift in Sources */,
				1EFCD0C627A2E6090077E794 /* RegistrationViewModel.swift in Sources */,
				1ECA367B278DD7DB0095CAD2 /* PieChartView.swift in Sources */,
				1E490E312757DCE000C7D5BF /* StringGenerator.swift in Sources */,
				1ECA367E278F45640095CAD2 /* Extenshions.swift in Sources */,
				1E6CD3482746C994009E52B8 /* DiagramCell.swift in Sources */,
				1EFCD0BF27A059500077E794 /* RegistrationView.swift in Sources */,
				28EE13512721F15700136712 /* Zaglushka.swift in Sources */,
				1EA70C6A27B596A9003234A0 /* ParsingView.swift in Sources */,
				1EA70C6827B58BF3003234A0 /* ParsingViewController.swift in Sources */,
				1EFCD0C127A1A7720077E794 /* AccountsListService.swift in Sources */,
				28A383E8273303B000E17ECA /* TableViewController.swift in Sources */,
				1E490E35275E77B700C7D5BF /* ResultViewController.swift in Sources */,
				1ECA366B278CA1A90095CAD2 /* LoginModel.swift in Sources */,
				28AC5B0E27271DDF00655980 /* ProfileViewController.swift in Sources */,
				1ECA366E278CA3F70095CAD2 /* Dynamic.swift in Sources */,
				1EA70C7127BD67F2003234A0 /* ParsingService.swift in Sources */,
				1E490E2B2757B2EC00C7D5BF /* ArrayViewController.swift in Sources */,
				28EE13492721E3B000136712 /* CustomButton.swift in Sources */,
				1EF54ECC27C7B3BE007A7CF6 /* CoreDataInstruments.swift in Sources */,
				1E490E2F2757BBAD00C7D5BF /* DictionaryViewController.swift in Sources */,
				1EFCD0CA27A2F2140077E794 /* RegistrationModel.swift in Sources */,
				1ECA3679278DD52F0095CAD2 /* PieChartViewController.swift in Sources */,
				1ECA3677278DD5120095CAD2 /* PieChartViewModel.swift in Sources */,
				1E490E29275686AB00C7D5BF /* AlgoProvider.swift in Sources */,
				28AC5B0627270E9100655980 /* BenchmarkViewController.swift in Sources */,
				1EA70C6F27B6EC04003234A0 /* ParsingModel.swift in Sources */,
				28A383EC27352A4F00E17ECA /* CollectionViewController.swift in Sources */,
				1ECA3669278CA1990095CAD2 /* LoginViewModel.swift in Sources */,
				28D666162732A37500DAF24F /* ViewControllerLifecycleBehavior.swift in Sources */,
				1E490E3727625D9700C7D5BF /* NumberTypeViewController.swift in Sources */,
				1EB8A6CA276E28C6007479F7 /* ShareExtensionViewController.swift in Sources */,
			);
			runOnlyForDeploymentPostprocessing = 0;
		};
/* End PBXSourcesBuildPhase section */

/* Begin PBXTargetDependency section */
		1EB4B3A4276DEC9A00669D11 /* PBXTargetDependency */ = {
			isa = PBXTargetDependency;
			target = 1EB4B39A276DEC9A00669D11 /* ShareExtension */;
			targetProxy = 1EB4B3A3276DEC9A00669D11 /* PBXContainerItemProxy */;
		};
/* End PBXTargetDependency section */

/* Begin PBXVariantGroup section */
		1EB4B39F276DEC9A00669D11 /* MainInterface.storyboard */ = {
			isa = PBXVariantGroup;
			children = (
				1EB4B3A0276DEC9A00669D11 /* Base */,
			);
			name = MainInterface.storyboard;
			sourceTree = "<group>";
		};
		28EE13382721D6DE00136712 /* Main.storyboard */ = {
			isa = PBXVariantGroup;
			children = (
				28EE13392721D6DE00136712 /* Base */,
			);
			name = Main.storyboard;
			sourceTree = "<group>";
		};
		28EE133D2721D6E100136712 /* LaunchScreen.storyboard */ = {
			isa = PBXVariantGroup;
			children = (
				28EE133E2721D6E100136712 /* Base */,
			);
			name = LaunchScreen.storyboard;
			sourceTree = "<group>";
		};
/* End PBXVariantGroup section */

/* Begin XCBuildConfiguration section */
		1EB4B3A7276DEC9A00669D11 /* Debug */ = {
			isa = XCBuildConfiguration;
			baseConfigurationReference = 17FE09BA02E91CE81921120B /* Pods-ShareExtension.debug.xcconfig */;
			buildSettings = {
				CODE_SIGN_ENTITLEMENTS = ShareExtension/ShareExtension.entitlements;
				CODE_SIGN_STYLE = Automatic;
				DEVELOPMENT_TEAM = 7S8228QL7L;
				INFOPLIST_FILE = ShareExtension/Info.plist;
				IPHONEOS_DEPLOYMENT_TARGET = 14.5;
				LD_RUNPATH_SEARCH_PATHS = (
					"$(inherited)",
					"@executable_path/Frameworks",
					"@executable_path/../../Frameworks",
				);
				PRODUCT_BUNDLE_IDENTIFIER = MN.dz.ShareExtension;
				PRODUCT_NAME = "$(TARGET_NAME)";
				SKIP_INSTALL = YES;
				SWIFT_VERSION = 5.0;
				TARGETED_DEVICE_FAMILY = "1,2";
			};
			name = Debug;
		};
		1EB4B3A8276DEC9A00669D11 /* Release */ = {
			isa = XCBuildConfiguration;
			baseConfigurationReference = 5CA482FF338F3DD5A357EA3F /* Pods-ShareExtension.release.xcconfig */;
			buildSettings = {
				CODE_SIGN_ENTITLEMENTS = ShareExtension/ShareExtension.entitlements;
				CODE_SIGN_STYLE = Automatic;
				DEVELOPMENT_TEAM = 7S8228QL7L;
				INFOPLIST_FILE = ShareExtension/Info.plist;
				IPHONEOS_DEPLOYMENT_TARGET = 14.5;
				LD_RUNPATH_SEARCH_PATHS = (
					"$(inherited)",
					"@executable_path/Frameworks",
					"@executable_path/../../Frameworks",
				);
				PRODUCT_BUNDLE_IDENTIFIER = MN.dz.ShareExtension;
				PRODUCT_NAME = "$(TARGET_NAME)";
				SKIP_INSTALL = YES;
				SWIFT_VERSION = 5.0;
				TARGETED_DEVICE_FAMILY = "1,2";
			};
			name = Release;
		};
		28EE13412721D6E100136712 /* Debug */ = {
			isa = XCBuildConfiguration;
			buildSettings = {
				ALWAYS_SEARCH_USER_PATHS = NO;
				CLANG_ANALYZER_NONNULL = YES;
				CLANG_ANALYZER_NUMBER_OBJECT_CONVERSION = YES_AGGRESSIVE;
				CLANG_CXX_LANGUAGE_STANDARD = "gnu++14";
				CLANG_CXX_LIBRARY = "libc++";
				CLANG_ENABLE_MODULES = YES;
				CLANG_ENABLE_OBJC_ARC = YES;
				CLANG_ENABLE_OBJC_WEAK = YES;
				CLANG_WARN_BLOCK_CAPTURE_AUTORELEASING = YES;
				CLANG_WARN_BOOL_CONVERSION = YES;
				CLANG_WARN_COMMA = YES;
				CLANG_WARN_CONSTANT_CONVERSION = YES;
				CLANG_WARN_DEPRECATED_OBJC_IMPLEMENTATIONS = YES;
				CLANG_WARN_DIRECT_OBJC_ISA_USAGE = YES_ERROR;
				CLANG_WARN_DOCUMENTATION_COMMENTS = YES;
				CLANG_WARN_EMPTY_BODY = YES;
				CLANG_WARN_ENUM_CONVERSION = YES;
				CLANG_WARN_INFINITE_RECURSION = YES;
				CLANG_WARN_INT_CONVERSION = YES;
				CLANG_WARN_NON_LITERAL_NULL_CONVERSION = YES;
				CLANG_WARN_OBJC_IMPLICIT_RETAIN_SELF = YES;
				CLANG_WARN_OBJC_LITERAL_CONVERSION = YES;
				CLANG_WARN_OBJC_ROOT_CLASS = YES_ERROR;
				CLANG_WARN_QUOTED_INCLUDE_IN_FRAMEWORK_HEADER = YES;
				CLANG_WARN_RANGE_LOOP_ANALYSIS = YES;
				CLANG_WARN_STRICT_PROTOTYPES = YES;
				CLANG_WARN_SUSPICIOUS_MOVE = YES;
				CLANG_WARN_UNGUARDED_AVAILABILITY = YES_AGGRESSIVE;
				CLANG_WARN_UNREACHABLE_CODE = YES;
				CLANG_WARN__DUPLICATE_METHOD_MATCH = YES;
				CODE_SIGN_IDENTITY = "iPhone Developer";
				COPY_PHASE_STRIP = NO;
				DEBUG_INFORMATION_FORMAT = dwarf;
				ENABLE_STRICT_OBJC_MSGSEND = YES;
				ENABLE_TESTABILITY = YES;
				GCC_C_LANGUAGE_STANDARD = gnu11;
				GCC_DYNAMIC_NO_PIC = NO;
				GCC_NO_COMMON_BLOCKS = YES;
				GCC_OPTIMIZATION_LEVEL = 0;
				GCC_PREPROCESSOR_DEFINITIONS = (
					"DEBUG=1",
					"$(inherited)",
				);
				GCC_WARN_64_TO_32_BIT_CONVERSION = YES;
				GCC_WARN_ABOUT_RETURN_TYPE = YES_ERROR;
				GCC_WARN_UNDECLARED_SELECTOR = YES;
				GCC_WARN_UNINITIALIZED_AUTOS = YES_AGGRESSIVE;
				GCC_WARN_UNUSED_FUNCTION = YES;
				GCC_WARN_UNUSED_VARIABLE = YES;
				IPHONEOS_DEPLOYMENT_TARGET = 12.4;
				MTL_ENABLE_DEBUG_INFO = INCLUDE_SOURCE;
				MTL_FAST_MATH = YES;
				ONLY_ACTIVE_ARCH = YES;
				SDKROOT = iphoneos;
				SWIFT_ACTIVE_COMPILATION_CONDITIONS = DEBUG;
				SWIFT_OPTIMIZATION_LEVEL = "-Onone";
			};
			name = Debug;
		};
		28EE13422721D6E100136712 /* Release */ = {
			isa = XCBuildConfiguration;
			buildSettings = {
				ALWAYS_SEARCH_USER_PATHS = NO;
				CLANG_ANALYZER_NONNULL = YES;
				CLANG_ANALYZER_NUMBER_OBJECT_CONVERSION = YES_AGGRESSIVE;
				CLANG_CXX_LANGUAGE_STANDARD = "gnu++14";
				CLANG_CXX_LIBRARY = "libc++";
				CLANG_ENABLE_MODULES = YES;
				CLANG_ENABLE_OBJC_ARC = YES;
				CLANG_ENABLE_OBJC_WEAK = YES;
				CLANG_WARN_BLOCK_CAPTURE_AUTORELEASING = YES;
				CLANG_WARN_BOOL_CONVERSION = YES;
				CLANG_WARN_COMMA = YES;
				CLANG_WARN_CONSTANT_CONVERSION = YES;
				CLANG_WARN_DEPRECATED_OBJC_IMPLEMENTATIONS = YES;
				CLANG_WARN_DIRECT_OBJC_ISA_USAGE = YES_ERROR;
				CLANG_WARN_DOCUMENTATION_COMMENTS = YES;
				CLANG_WARN_EMPTY_BODY = YES;
				CLANG_WARN_ENUM_CONVERSION = YES;
				CLANG_WARN_INFINITE_RECURSION = YES;
				CLANG_WARN_INT_CONVERSION = YES;
				CLANG_WARN_NON_LITERAL_NULL_CONVERSION = YES;
				CLANG_WARN_OBJC_IMPLICIT_RETAIN_SELF = YES;
				CLANG_WARN_OBJC_LITERAL_CONVERSION = YES;
				CLANG_WARN_OBJC_ROOT_CLASS = YES_ERROR;
				CLANG_WARN_QUOTED_INCLUDE_IN_FRAMEWORK_HEADER = YES;
				CLANG_WARN_RANGE_LOOP_ANALYSIS = YES;
				CLANG_WARN_STRICT_PROTOTYPES = YES;
				CLANG_WARN_SUSPICIOUS_MOVE = YES;
				CLANG_WARN_UNGUARDED_AVAILABILITY = YES_AGGRESSIVE;
				CLANG_WARN_UNREACHABLE_CODE = YES;
				CLANG_WARN__DUPLICATE_METHOD_MATCH = YES;
				CODE_SIGN_IDENTITY = "iPhone Developer";
				COPY_PHASE_STRIP = NO;
				DEBUG_INFORMATION_FORMAT = "dwarf-with-dsym";
				ENABLE_NS_ASSERTIONS = NO;
				ENABLE_STRICT_OBJC_MSGSEND = YES;
				GCC_C_LANGUAGE_STANDARD = gnu11;
				GCC_NO_COMMON_BLOCKS = YES;
				GCC_WARN_64_TO_32_BIT_CONVERSION = YES;
				GCC_WARN_ABOUT_RETURN_TYPE = YES_ERROR;
				GCC_WARN_UNDECLARED_SELECTOR = YES;
				GCC_WARN_UNINITIALIZED_AUTOS = YES_AGGRESSIVE;
				GCC_WARN_UNUSED_FUNCTION = YES;
				GCC_WARN_UNUSED_VARIABLE = YES;
				IPHONEOS_DEPLOYMENT_TARGET = 12.4;
				MTL_ENABLE_DEBUG_INFO = NO;
				MTL_FAST_MATH = YES;
				ONLY_ACTIVE_ARCH = YES;
				SDKROOT = iphoneos;
				SWIFT_COMPILATION_MODE = wholemodule;
				SWIFT_OPTIMIZATION_LEVEL = "-O";
				VALIDATE_PRODUCT = YES;
			};
			name = Release;
		};
		28EE13442721D6E100136712 /* Debug */ = {
			isa = XCBuildConfiguration;
			baseConfigurationReference = 45F5DC42A9F9512F1A1F5154 /* Pods-dz.debug.xcconfig */;
			buildSettings = {
				ALWAYS_EMBED_SWIFT_STANDARD_LIBRARIES = YES;
				ASSETCATALOG_COMPILER_APPICON_NAME = AppIcon;
				CODE_SIGN_ENTITLEMENTS = dz/dz.entitlements;
				CODE_SIGN_STYLE = Automatic;
				DEVELOPMENT_TEAM = 7S8228QL7L;
				INFOPLIST_FILE = dz/Info.plist;
				IPHONEOS_DEPLOYMENT_TARGET = 12.4;
				LD_RUNPATH_SEARCH_PATHS = (
					"$(inherited)",
					"@executable_path/Frameworks",
				);
				PRODUCT_BUNDLE_IDENTIFIER = MN.dz;
				PRODUCT_NAME = "$(TARGET_NAME)";
				SWIFT_VERSION = 5.0;
				TARGETED_DEVICE_FAMILY = "1,2";
			};
			name = Debug;
		};
		28EE13452721D6E100136712 /* Release */ = {
			isa = XCBuildConfiguration;
			baseConfigurationReference = 72E18D7C7348365BC4B452A5 /* Pods-dz.release.xcconfig */;
			buildSettings = {
				ALWAYS_EMBED_SWIFT_STANDARD_LIBRARIES = YES;
				ASSETCATALOG_COMPILER_APPICON_NAME = AppIcon;
				CODE_SIGN_ENTITLEMENTS = dz/dz.entitlements;
				CODE_SIGN_STYLE = Automatic;
				DEVELOPMENT_TEAM = 7S8228QL7L;
				INFOPLIST_FILE = dz/Info.plist;
				IPHONEOS_DEPLOYMENT_TARGET = 12.4;
				LD_RUNPATH_SEARCH_PATHS = (
					"$(inherited)",
					"@executable_path/Frameworks",
				);
				PRODUCT_BUNDLE_IDENTIFIER = MN.dz;
				PRODUCT_NAME = "$(TARGET_NAME)";
				SWIFT_VERSION = 5.0;
				TARGETED_DEVICE_FAMILY = "1,2";
			};
			name = Release;
		};
/* End XCBuildConfiguration section */

/* Begin XCConfigurationList section */
		1EB4B3A9276DEC9A00669D11 /* Build configuration list for PBXNativeTarget "ShareExtension" */ = {
			isa = XCConfigurationList;
			buildConfigurations = (
				1EB4B3A7276DEC9A00669D11 /* Debug */,
				1EB4B3A8276DEC9A00669D11 /* Release */,
			);
			defaultConfigurationIsVisible = 0;
			defaultConfigurationName = Release;
		};
		28EE132C2721D6DD00136712 /* Build configuration list for PBXProject "dz" */ = {
			isa = XCConfigurationList;
			buildConfigurations = (
				28EE13412721D6E100136712 /* Debug */,
				28EE13422721D6E100136712 /* Release */,
			);
			defaultConfigurationIsVisible = 0;
			defaultConfigurationName = Release;
		};
		28EE13432721D6E100136712 /* Build configuration list for PBXNativeTarget "dz" */ = {
			isa = XCConfigurationList;
			buildConfigurations = (
				28EE13442721D6E100136712 /* Debug */,
				28EE13452721D6E100136712 /* Release */,
			);
			defaultConfigurationIsVisible = 0;
			defaultConfigurationName = Release;
		};
/* End XCConfigurationList section */

/* Begin XCSwiftPackageProductDependency section */
		1ECA367F279037A20095CAD2 /* DZUIKit */ = {
			isa = XCSwiftPackageProductDependency;
			productName = DZUIKit;
		};
/* End XCSwiftPackageProductDependency section */

/* Begin XCVersionGroup section */
		1EE3D1DE27C6A0450039F61E /* LocalDataBase.xcdatamodeld */ = {
			isa = XCVersionGroup;
			children = (
				1EE3D1DF27C6A0450039F61E /* LocalDatabase.xcdatamodel */,
			);
			currentVersion = 1EE3D1DF27C6A0450039F61E /* LocalDatabase.xcdatamodel */;
			path = LocalDataBase.xcdatamodeld;
			sourceTree = "<group>";
			versionGroupType = wrapper.xcdatamodel;
		};
/* End XCVersionGroup section */
	};
	rootObject = 28EE13292721D6DD00136712 /* Project object */;
}
